<?xml version="1.0" encoding="utf-8"?>
<Project ToolsVersion="4.0" xmlns="http://schemas.microsoft.com/developer/msbuild/2003">
  <ItemGroup>
    <Filter Include="Source Files">
      <UniqueIdentifier>{4FC737F1-C7A5-4376-A066-2A32D752A2FF}</UniqueIdentifier>
      <Extensions>cpp;c;cc;cxx;c++;cppm;ixx;def;odl;idl;hpj;bat;asm;asmx</Extensions>
    </Filter>
    <Filter Include="Header Files">
      <UniqueIdentifier>{93995380-89BD-4b04-88EB-625FBE52EBFB}</UniqueIdentifier>
      <Extensions>h;hh;hpp;hxx;h++;hm;inl;inc;ipp;xsd</Extensions>
    </Filter>
    <Filter Include="Resource Files">
      <UniqueIdentifier>{67DA6AB6-F800-4c08-8B7A-83BB121AAD01}</UniqueIdentifier>
      <Extensions>rc;ico;cur;bmp;dlg;rc2;rct;bin;rgs;gif;jpg;jpeg;jpe;resx;tiff;tif;png;wav;mfcribbon-ms</Extensions>
    </Filter>
  </ItemGroup>
  <ItemGroup>
    <ClCompile Include="Banking 5.cpp">
      <Filter>Source Files</Filter>
    </ClCompile>
    <ClCompile Include="DateTime.cpp">
      <Filter>Source Files</Filter>
    </ClCompile>
    <ClCompile Include="Validator.cpp">
      <Filter>Source Files</Filter>
    </ClCompile>
    <ClCompile Include="StringUtils.cpp">
      <Filter>Source Files</Filter>
    </ClCompile>
    <ClCompile Include="HireCommand.cpp">
      <Filter>Source Files</Filter>
    </ClCompile>
    <ClCompile Include="FireCommand.cpp">
      <Filter>Source Files</Filter>
    </ClCompile>
    <ClCompile Include="CreateClientCommand.cpp">
      <Filter>Source Files</Filter>
    </ClCompile>
    <ClCompile Include="DeleteClientCommand.cpp">
      <Filter>Source Files</Filter>
    </ClCompile>
    <ClCompile Include="CreateNewBalanceCommand.cpp">
      <Filter>Source Files</Filter>
    </ClCompile>
    <ClCompile Include="CreateNewCardCommand.cpp">
      <Filter>Source Files</Filter>
    </ClCompile>
    <ClCompile Include="DeleteCardCommand.cpp">
      <Filter>Source Files</Filter>
    </ClCompile>
    <ClCompile Include="DeleteBalanceCommand.cpp">
      <Filter>Source Files</Filter>
    </ClCompile>
    <ClCompile Include="FullReportCommand.cpp">
      <Filter>Source Files</Filter>
    </ClCompile>
    <ClCompile Include="ReportForClientCommand.cpp">
      <Filter>Source Files</Filter>
    </ClCompile>
    <ClCompile Include="LoginAsEmployeeCommand.cpp">
      <Filter>Source Files</Filter>
    </ClCompile>
    <ClCompile Include="LoginAsAdminCommand.cpp">
      <Filter>Source Files</Filter>
    </ClCompile>
    <ClCompile Include="LoggoutCommand.cpp">
      <Filter>Source Files</Filter>
    </ClCompile>
    <ClCompile Include="PersonalInformation.cpp">
      <Filter>Source Files</Filter>
    </ClCompile>
    <ClCompile Include="Account.cpp">
      <Filter>Source Files</Filter>
    </ClCompile>
    <ClCompile Include="Admin.cpp">
      <Filter>Source Files</Filter>
    </ClCompile>
    <ClCompile Include="Card.cpp">
      <Filter>Source Files</Filter>
    </ClCompile>
    <ClCompile Include="Balance.cpp">
      <Filter>Source Files</Filter>
    </ClCompile>
    <ClCompile Include="Employee.cpp">
      <Filter>Source Files</Filter>
    </ClCompile>
    <ClCompile Include="Client.cpp">
      <Filter>Source Files</Filter>
    </ClCompile>
    <ClCompile Include="FileManager.cpp">
      <Filter>Source Files</Filter>
    </ClCompile>
    <ClCompile Include="Invoker.cpp">
      <Filter>Source Files</Filter>
    </ClCompile>
    <ClCompile Include="LoginAsClientCommand.cpp">
      <Filter>Source Files</Filter>
    </ClCompile>
    <ClCompile Include="CardWithdrawCommand.cpp">
      <Filter>Source Files</Filter>
    </ClCompile>
    <ClCompile Include="CardDepositCommand.cpp">
      <Filter>Source Files</Filter>
    </ClCompile>
    <ClCompile Include="CardCheckCommand.cpp">
      <Filter>Source Files</Filter>
    </ClCompile>
    <ClCompile Include="FileNamesHandler.cpp">
      <Filter>Source Files</Filter>
    </ClCompile>
    <ClCompile Include="ClearCommand.cpp">
      <Filter>Source Files</Filter>
    </ClCompile>
  </ItemGroup>
  <ItemGroup>
    <ClInclude Include="doctest.h">
      <Filter>Source Files</Filter>
    </ClInclude>
    <ClInclude Include="DateTIme.h">
      <Filter>Header Files</Filter>
    </ClInclude>
    <ClInclude Include="Validator.h">
      <Filter>Header Files</Filter>
    </ClInclude>
    <ClInclude Include="StringUtils.h">
      <Filter>Header Files</Filter>
    </ClInclude>
    <ClInclude Include="Card.h">
      <Filter>Header Files</Filter>
    </ClInclude>
    <ClInclude Include="Balance.h">
      <Filter>Header Files</Filter>
    </ClInclude>
    <ClInclude Include="Account.h">
      <Filter>Header Files</Filter>
    </ClInclude>
    <ClInclude Include="Admin.h">
      <Filter>Header Files</Filter>
    </ClInclude>
    <ClInclude Include="Employee.h">
      <Filter>Header Files</Filter>
    </ClInclude>
    <ClInclude Include="PersonalInformation.h">
      <Filter>Header Files</Filter>
    </ClInclude>
    <ClInclude Include="Client.h">
      <Filter>Header Files</Filter>
    </ClInclude>
    <ClInclude Include="ICommand.h">
      <Filter>Header Files</Filter>
    </ClInclude>
    <ClInclude Include="Invoker.h">
      <Filter>Header Files</Filter>
    </ClInclude>
    <ClInclude Include="HireCommand.h">
      <Filter>Header Files</Filter>
    </ClInclude>
    <ClInclude Include="FireCommand.h">
      <Filter>Header Files</Filter>
    </ClInclude>
    <ClInclude Include="IActorCommand.h">
      <Filter>Header Files</Filter>
    </ClInclude>
    <ClInclude Include="CreateClientCommand.h">
      <Filter>Header Files</Filter>
    </ClInclude>
    <ClInclude Include="DeleteClientCommand.h">
      <Filter>Header Files</Filter>
    </ClInclude>
    <ClInclude Include="CreateNewBalanceCommand.h">
      <Filter>Header Files</Filter>
    </ClInclude>
    <ClInclude Include="CreateNewCardCommand.h">
      <Filter>Header Files</Filter>
    </ClInclude>
    <ClInclude Include="DeleteCardCommand.h">
      <Filter>Header Files</Filter>
    </ClInclude>
    <ClInclude Include="DeleteBalanceCommand.h">
      <Filter>Header Files</Filter>
    </ClInclude>
    <ClInclude Include="FullReportCommand.h">
      <Filter>Header Files</Filter>
    </ClInclude>
    <ClInclude Include="ReportForClientCommand.h">
      <Filter>Header Files</Filter>
    </ClInclude>
    <ClInclude Include="LoginAsAdminCommand.h">
      <Filter>Header Files</Filter>
    </ClInclude>
    <ClInclude Include="LoginAsEmployeeCommand.h">
      <Filter>Header Files</Filter>
    </ClInclude>
    <ClInclude Include="LoggoutCommand.h">
      <Filter>Header Files</Filter>
    </ClInclude>
    <ClInclude Include="test.h">
      <Filter>Header Files</Filter>
    </ClInclude>
    <ClInclude Include="FileManager.h">
      <Filter>Header Files</Filter>
    </ClInclude>
    <ClInclude Include="LoginAsClientCommand.h">
      <Filter>Header Files</Filter>
    </ClInclude>
    <ClInclude Include="CardCommands.h">
      <Filter>Header Files</Filter>
    </ClInclude>
    <ClInclude Include="CardWithdrawCommand.h">
      <Filter>Header Files</Filter>
    </ClInclude>
    <ClInclude Include="CardDepositCommand.h">
      <Filter>Header Files</Filter>
    </ClInclude>
    <ClInclude Include="CardCheckCommand.h">
      <Filter>Header Files</Filter>
    </ClInclude>
    <ClInclude Include="FileNamesHandler.h">
      <Filter>Header Files</Filter>
    </ClInclude>
    <ClInclude Include="ClearCommand.h">
      <Filter>Header Files</Filter>
    </ClInclude>
  </ItemGroup>
</Project>